version = 1
revision = 3
requires-python = ">=3.11"

[[package]]
name = "anyio"
version = "4.13.0"
source = { registry = "https://pypi.org/simple" }
dependencies = [
    { name = "idna" },
    { name = "typing-extensions", marker = "python_full_version < '3.13'" },
]
sdist = { url = "https://files.pythonhosted.org/packages/19/14/2c5dd9f512b66549ae92767a9c7b330ae88e1932ca57876909410251fe13/anyio-4.13.0.tar.gz", hash = "sha256:334b70e641fd2221c1505b3890c69882fe4a2df910cba14d97019b90b24439dc", size = 231622, upload-time = "2026-03-24T12:59:09.671Z" }
wheels = [
    { url = "https://files.pythonhosted.org/packages/da/42/e921fccf5015463e32a3cf6ee7f980a6ed0f395ceeaa45060b61d86486c2/anyio-4.13.0-py3-none-any.whl", hash = "sha256:08b310f9e24a9594186fd75b4f73f4a4152069e3853f1ed8bfbf58369f4ad708", size = 114353, upload-time = "2026-03-24T12:59:08.246Z" },
]

[[package]]
name = "burnscope-client"
version = "0.1.0"
source = { editable = "." }
dependencies = [
    { name = "httpx" },
    { name = "zeroconf" },
]

[package.dev-dependencies]
dev = [
    { name = "pytest" },
    { name = "pytest-asyncio" },
    { name = "respx" },
]

[package.metadata]
requires-dist = [
    { name = "httpx", specifier = ">=0.27" },
    { name = "zeroconf", specifier = ">=0.130" },
]

[package.metadata.requires-dev]
dev = [
    { name = "pytest", specifier = ">=8" },
    { name = "pytest-asyncio", specifier = ">=0.23" },
    { name = "respx", specifier = ">=0.21" },
]

[[package]]
name = "certifi"
version = "2026.4.22"
source = { registry = "https://pypi.org/simple" }
sdist = { url = "https://files.pythonhosted.org/packages/25/ee/6caf7a40c36a1220410afe15a1cc64993a1f864871f698c0f93acb72842a/certifi-2026.4.22.tar.gz", hash = "sha256:8d455352a37b71bf76a79caa83a3d6c25afee4a385d632127b6afb3963f1c580", size = 137077, upload-time = "2026-04-22T11:26:11.191Z" }
wheels = [
    { url = "https://files.pythonhosted.org/packages/22/30/7cd8fdcdfbc5b869528b079bfb76dcdf6056b1a2097a662e5e8c04f42965/certifi-2026.4.22-py3-none-any.whl", hash = "sha256:3cb2210c8f88ba2318d29b0388d1023c8492ff72ecdde4ebdaddbb13a31b1c4a", size = 135707, upload-time = "2026-04-22T11:26:09.372Z" },
]

[[package]]
name = "colorama"
version = "0.4.6"
source = { registry = "https://pypi.org/simple" }
sdist = { url = "https://files.pythonhosted.org/packages/d8/53/6f443c9a4a8358a93a6792e2acffb9d9d5cb0a5cfd8802644b7b1c9a02e4/colorama-0.4.6.tar.gz", hash = "sha256:08695f5cb7ed6e0531a20572697297273c47b8cae5a63ffc6d6ed5c201be6e44", size = 27697, upload-time = "2022-10-25T02:36:22.414Z" }
wheels = [
    { url = "https://files.pythonhosted.org/packages/d1/d6/3965ed04c63042e047cb6a3e6ed1a63a35087b6a609aa3a15ed8ac56c221/colorama-0.4.6-py2.py3-none-any.whl", hash = "sha256:4f1d9991f5acc0ca119f9d443620b77f9d6b33703e51011c16baf57afb285fc6", size = 25335, upload-time = "2022-10-25T02:36:20.889Z" },
]

[[package]]
name = "h11"
version = "0.16.0"
source = { registry = "https://pypi.org/simple" }
sdist = { url = "https://files.pythonhosted.org/packages/01/ee/02a2c011bdab74c6fb3c75474d40b3052059d95df7e73351460c8588d963/h11-0.16.0.tar.gz", hash = "sha256:4e35b956cf45792e4caa5885e69fba00bdbc6ffafbfa020300e549b208ee5ff1", size = 101250, upload-time = "2025-04-24T03:35:25.427Z" }
wheels = [
    { url = "https://files.pythonhosted.org/packages/04/4b/29cac41a4d98d144bf5f6d33995617b185d14b22401f75ca86f384e87ff1/h11-0.16.0-py3-none-any.whl", hash = "sha256:63cf8bbe7522de3bf65932fda1d9c2772064ffb3dae62d55932da54b31cb6c86", size = 37515, upload-time = "2025-04-24T03:35:24.344Z" },
]

[[package]]
name = "httpcore"
version = "1.0.9"
source = { registry = "https://pypi.org/simple" }
dependencies = [
    { name = "certifi" },
    { name = "h11" },
]
sdist = { url = "https://files.pythonhosted.org/packages/06/94/82699a10bca87a5556c9c59b5963f2d039dbd239f25bc2a63907a05a14cb/httpcore-1.0.9.tar.gz", hash = "sha256:6e34463af53fd2ab5d807f399a9b45ea31c3dfa2276f15a2c3f00afff6e176e8", size = 85484, upload-time = "2025-04-24T22:06:22.219Z" }
wheels = [
    { url = "https://files.pythonhosted.org/packages/7e/f5/f66802a942d491edb555dd61e3a9961140fd64c90bce1eafd741609d334d/httpcore-1.0.9-py3-none-any.whl", hash = "sha256:2d400746a40668fc9dec9810239072b40b4484b640a8c38fd654a024c7a1bf55", size = 78784, upload-time = "2025-04-24T22:06:20.566Z" },
]

[[package]]
name = "httpx"
version = "0.28.1"
source = { registry = "https://pypi.org/simple" }
dependencies = [
    { name = "anyio" },
    { name = "certifi" },
    { name = "httpcore" },
    { name = "idna" },
]
sdist = { url = "https://files.pythonhosted.org/packages/b1/df/48c586a5fe32a0f01324ee087459e112ebb7224f646c0b5023f5e79e9956/httpx-0.28.1.tar.gz", hash = "sha256:75e98c5f16b0f35b567856f597f06ff2270a374470a5c2392242528e3e3e42fc", size = 141406, upload-time = "2024-12-06T15:37:23.222Z" }
wheels = [
    { url = "https://files.pythonhosted.org/packages/2a/39/e50c7c3a983047577ee07d2a9e53faf5a69493943ec3f6a384bdc792deb2/httpx-0.28.1-py3-none-any.whl", hash = "sha256:d909fcccc110f8c7faf814ca82a9a4d816bc5a6dbfea25d6591d6985b8ba59ad", size = 73517, upload-time = "2024-12-06T15:37:21.509Z" },
]

[[package]]
name = "idna"
version = "3.15"
source = { registry = "https://pypi.org/simple" }
sdist = { url = "https://files.pythonhosted.org/packages/82/77/7b3966d0b9d1d31a36ddf1746926a11dface89a83409bf1483f0237aa758/idna-3.15.tar.gz", hash = "sha256:ca962446ea538f7092a95e057da437618e886f4d349216d2b1e294abfdb65fdc", size = 199245, upload-time = "2026-05-12T22:45:57.011Z" }
wheels = [
    { url = "https://files.pythonhosted.org/packages/d2/23/408243171aa9aaba178d3e2559159c24c1171a641aa83b67bdd3394ead8e/idna-3.15-py3-none-any.whl", hash = "sha256:048adeaf8c2d788c40fee287673ccaa74c24ffd8dcf09ffa555a2fbb59f10ac8", size = 72340, upload-time = "2026-05-12T22:45:55.733Z" },
]

[[package]]
name = "ifaddr"
version = "0.2.0"
source = { registry = "https://pypi.org/simple" }
sdist = { url = "https://files.pythonhosted.org/packages/e8/ac/fb4c578f4a3256561548cd825646680edcadb9440f3f68add95ade1eb791/ifaddr-0.2.0.tar.gz", hash = "sha256:cc0cbfcaabf765d44595825fb96a99bb12c79716b73b44330ea38ee2b0c4aed4", size = 10485, upload-time = "2022-06-15T21:40:27.561Z" }
wheels = [
    { url = "https://files.pythonhosted.org/packages/9c/1f/19ebc343cc71a7ffa78f17018535adc5cbdd87afb31d7c34874680148b32/ifaddr-0.2.0-py3-none-any.whl", hash = "sha256:085e0305cfe6f16ab12d72e2024030f5d52674afad6911bb1eee207177b8a748", size = 12314, upload-time = "2022-06-15T21:40:25.756Z" },
]

[[package]]
name = "iniconfig"
version = "2.3.0"
source = { registry = "https://pypi.org/simple" }
sdist = { url = "https://files.pythonhosted.org/packages/72/34/14ca021ce8e5dfedc35312d08ba8bf51fdd999c576889fc2c24cb97f4f10/iniconfig-2.3.0.tar.gz", hash = "sha256:c76315c77db068650d49c5b56314774a7804df16fee4402c1f19d6d15d8c4730", size = 20503, upload-time = "2025-10-18T21:55:43.219Z" }
wheels = [
    { url = "https://files.pythonhosted.org/packages/cb/b1/3846dd7f199d53cb17f49cba7e651e9ce294d8497c8c150530ed11865bb8/iniconfig-2.3.0-py3-none-any.whl", hash = "sha256:f631c04d2c48c52b84d0d0549c99ff3859c98df65b3101406327ecc7d53fbf12", size = 7484, upload-time = "2025-10-18T21:55:41.639Z" },
]

[[package]]
name = "packaging"
version = "26.2"
source = { registry = "https://pypi.org/simple" }
sdist = { url = "https://files.pythonhosted.org/packages/d7/f1/e7a6dd94a8d4a5626c03e4e99c87f241ba9e350cd9e6d75123f992427270/packaging-26.2.tar.gz", hash = "sha256:ff452ff5a3e828ce110190feff1178bb1f2ea2281fa2075aadb987c2fb221661", size = 228134, upload-time = "2026-04-24T20:15:23.917Z" }
wheels = [
    { url = "https://files.pythonhosted.org/packages/df/b2/87e62e8c3e2f4b32e5fe99e0b86d576da1312593b39f47d8ceef365e95ed/packaging-26.2-py3-none-any.whl", hash = "sha256:5fc45236b9446107ff2415ce77c807cee2862cb6fac22b8a73826d0693b0980e", size = 100195, upload-time = "2026-04-24T20:15:22.081Z" },
]

[[package]]
name = "pluggy"
version = "1.6.0"
source = { registry = "https://pypi.org/simple" }
sdist = { url = "https://files.pythonhosted.org/packages/f9/e2/3e91f31a7d2b083fe6ef3fa267035b518369d9511ffab804f839851d2779/pluggy-1.6.0.tar.gz", hash = "sha256:7dcc130b76258d33b90f61b658791dede3486c3e6bfb003ee5c9bfb396dd22f3", size = 69412, upload-time = "2025-05-15T12:30:07.975Z" }
wheels = [
    { url = "https://files.pythonhosted.org/packages/54/20/4d324d65cc6d9205fabedc306948156824eb9f0ee1633355a8f7ec5c66bf/pluggy-1.6.0-py3-none-any.whl", hash = "sha256:e920276dd6813095e9377c0bc5566d94c932c33b27a3e3945d8389c374dd4746", size = 20538, upload-time = "2025-05-15T12:30:06.134Z" },
]

[[package]]
name = "pygments"
version = "2.20.0"
source = { registry = "https://pypi.org/simple" }
sdist = { url = "https://files.pythonhosted.org/packages/c3/b2/bc9c9196916376152d655522fdcebac55e66de6603a76a02bca1b6414f6c/pygments-2.20.0.tar.gz", hash = "sha256:6757cd03768053ff99f3039c1a36d6c0aa0b263438fcab17520b30a303a82b5f", size = 4955991, upload-time = "2026-03-29T13:29:33.898Z" }
wheels = [
    { url = "https://files.pythonhosted.org/packages/f4/7e/a72dd26f3b0f4f2bf1dd8923c85f7ceb43172af56d63c7383eb62b332364/pygments-2.20.0-py3-none-any.whl", hash = "sha256:81a9e26dd42fd28a23a2d169d86d7ac03b46e2f8b59ed4698fb4785f946d0176", size = 1231151, upload-time = "2026-03-29T13:29:30.038Z" },
]

[[package]]
name = "pytest"
version = "9.0.3"
source = { registry = "https://pypi.org/simple" }
dependencies = [
    { name = "colorama", marker = "sys_platform == 'win32'" },
    { name = "iniconfig" },
    { name = "packaging" },
    { name = "pluggy" },
    { name = "pygments" },
]
sdist = { url = "https://files.pythonhosted.org/packages/7d/0d/549bd94f1a0a402dc8cf64563a117c0f3765662e2e668477624baeec44d5/pytest-9.0.3.tar.gz", hash = "sha256:b86ada508af81d19edeb213c681b1d48246c1a91d304c6c81a427674c17eb91c", size = 1572165, upload-time = "2026-04-07T17:16:18.027Z" }
wheels = [
    { url = "https://files.pythonhosted.org/packages/d4/24/a372aaf5c9b7208e7112038812994107bc65a84cd00e0354a88c2c77a617/pytest-9.0.3-py3-none-any.whl", hash = "sha256:2c5efc453d45394fdd706ade797c0a81091eccd1d6e4bccfcd476e2b8e0ab5d9", size = 375249, upload-time = "2026-04-07T17:16:16.13Z" },
]

[[package]]
name = "pytest-asyncio"
version = "1.3.0"
source = { registry = "https://pypi.org/simple" }
dependencies = [
    { name = "pytest" },
    { name = "typing-extensions", marker = "python_full_version < '3.13'" },
]
sdist = { url = "https://files.pythonhosted.org/packages/90/2c/8af215c0f776415f3590cac4f9086ccefd6fd463befeae41cd4d3f193e5a/pytest_asyncio-1.3.0.tar.gz", hash = "sha256:d7f52f36d231b80ee124cd216ffb19369aa168fc10095013c6b014a34d3ee9e5", size = 50087, upload-time = "2025-11-10T16:07:47.256Z" }
wheels = [
    { url = "https://files.pythonhosted.org/packages/e5/35/f8b19922b6a25bc0880171a2f1a003eaeb93657475193ab516fd87cac9da/pytest_asyncio-1.3.0-py3-none-any.whl", hash = "sha256:611e26147c7f77640e6d0a92a38ed17c3e9848063698d5c93d5aa7aa11cebff5", size = 15075, upload-time = "2025-11-10T16:07:45.537Z" },
]

[[package]]
name = "respx"
version = "0.23.1"
source = { registry = "https://pypi.org/simple" }
dependencies = [
    { name = "httpx" },
]
sdist = { url = "https://files.pythonhosted.org/packages/43/98/4e55c9c486404ec12373708d015ebce157966965a5ebe7f28ff2c784d41b/respx-0.23.1.tar.gz", hash = "sha256:242dcc6ce6b5b9bf621f5870c82a63997e8e82bc7c947f9ffe272b8f3dd5a780", size = 29243, upload-time = "2026-04-08T14:37:16.008Z" }
wheels = [
    { url = "https://files.pythonhosted.org/packages/1d/4a/221da6ca167db45693d8d26c7dc79ccfc978a440251bf6721c9aaf251ac0/respx-0.23.1-py2.py3-none-any.whl", hash = "sha256:b18004b029935384bccfa6d7d9d74b4ec9af73a081cc28600fffc0447f4b8c1a", size = 25557, upload-time = "2026-04-08T14:37:14.613Z" },
]

[[package]]
name = "typing-extensions"
version = "4.15.0"
source = { registry = "https://pypi.org/simple" }
sdist = { url = "https://files.pythonhosted.org/packages/72/94/1a15dd82efb362ac84269196e94cf00f187f7ed21c242792a923cdb1c61f/typing_extensions-4.15.0.tar.gz", hash = "sha256:0cea48d173cc12fa28ecabc3b837ea3cf6f38c6d1136f85cbaaf598984861466", size = 109391, upload-time = "2025-08-25T13:49:26.313Z" }
wheels = [
    { url = "https://files.pythonhosted.org/packages/18/67/36e9267722cc04a6b9f15c7f3441c2363321a3ea07da7ae0c0707beb2a9c/typing_extensions-4.15.0-py3-none-any.whl", hash = "sha256:f0fa19c6845758ab08074a0cfa8b7aecb71c999ca73d62883bc25cc018c4e548", size = 44614, upload-time = "2025-08-25T13:49:24.86Z" },
]

[[package]]
name = "zeroconf"
version = "0.149.7"
source = { registry = "https://pypi.org/simple" }
dependencies = [
    { name = "ifaddr" },
]
sdist = { url = "https://files.pythonhosted.org/packages/28/7e/3874e2aacb2fc60487929c502580d2e6d45a774b72d24d38f9ed6ea7de80/zeroconf-0.149.7.tar.gz", hash = "sha256:9e123f0adb8292a037e18ab5e5bb353bdeda12989b3d432e222f494ec4dcd746", size = 180422, upload-time = "2026-05-18T05:00:41.863Z" }
wheels = [
    { url = "https://files.pythonhosted.org/packages/b4/6a/c9f9c88577de576a5a72a36fcc0f1ed24fd3a311f894fb47495ac5dd8a4c/zeroconf-0.149.7-cp311-cp311-macosx_11_0_arm64.whl", hash = "sha256:1c4b20144c08e5f35fff79a54d7d5ebd482f4205c0639a2abd46aedb8f71819e", size = 1654167, upload-time = "2026-05-18T05:38:51.588Z" },
    { url = "https://files.pythonhosted.org/packages/f4/39/a356a45cb04358f86b100b1bf52596b04435bfd12b6d8d5edff2014d67bb/zeroconf-0.149.7-cp311-cp311-manylinux2014_aarch64.manylinux_2_17_aarch64.manylinux_2_28_aarch64.whl", hash = "sha256:3be4b53766c9bb5b5bce44c209d22888a29b72e400b9ae6f8d9c25b3dc99e083", size = 2131605, upload-time = "2026-05-18T05:38:53.441Z" },
    { url = "https://files.pythonhosted.org/packages/be/5e/4227e92e1dc318014122bb0bec69ba22425a0ad9bbc6c429537642f83c50/zeroconf-0.149.7-cp311-cp311-manylinux2014_armv7l.manylinux_2_17_armv7l.manylinux_2_31_armv7l.whl", hash = "sha256:3065b6a9d1fd840b8cf7fffb6c0c3c7a67b57d05397af8e6cc225691203e0a66", size = 1903017, upload-time = "2026-05-18T05:38:55.262Z" },
    { url = "https://files.pythonhosted.org/packages/1b/2a/446bb91e531d087996cbdb15c76b9ee5f1bba30fdcfa3063df0dedc6886d/zeroconf-0.149.7-cp311-cp311-manylinux2014_x86_64.manylinux_2_17_x86_64.manylinux_2_28_x86_64.whl", hash = "sha256:29436168660cf8dc9e2eb914d44d1549b9b37a712315492eef64bcdfe7542962", size = 2212619, upload-time = "2026-05-18T05:38:57.119Z" },
    { url = "https://files.pythonhosted.org/packages/07/85/b9cd77f95529afe0fd36bc1033986b1443cd6e1dffeba249b8431a5844bb/zeroconf-0.149.7-cp311-cp311-manylinux_2_31_riscv64.manylinux_2_39_riscv64.whl", hash = "sha256:f4b374f55b1454d595b39c7c839d4e3b0222f8914a26a62cd9e70a3aad866857", size = 2171827, upload-time = "2026-05-18T05:38:59.048Z" },
    { url = "https://files.pythonhosted.org/packages/a2/81/fffb644c12f1cd2d7f10ca35a768c52b929e809bb2e90428e49575d26708/zeroconf-0.149.7-cp311-cp311-musllinux_1_2_aarch64.whl", hash = "sha256:a496cef251ac2b81dd2a257b0caa6616aab8e73d244db898cdf8bb39fcac5e3d", size = 2158331, upload-time = "2026-05-18T05:39:00.757Z" },
    { url = "https://files.pythonhosted.org/packages/75/4c/15a7e06f4331f16e192b31edd711a14de7f4b3dd1990c69f1308ff37a107/zeroconf-0.149.7-cp311-cp311-musllinux_1_2_armv7l.whl", hash = "sha256:bf7a4a4e06f1a742865d4754215c4072ad7f414821a5dd4e0de110d91eaaefdd", size = 1955407, upload-time = "2026-05-18T05:39:03.1Z" },
    { url = "https://files.pythonhosted.org/packages/06/f2/733185ee679839c44f6b97431023ffad562d42d15906642bf93d58fb8f1b/zeroconf-0.149.7-cp311-cp311-musllinux_1_2_riscv64.whl", hash = "sha256:9756b977c32043bcfae24ca12dbdc2bf914eb744ecdcdd725b69fcf223624b2c", size = 2176488, upload-time = "2026-05-18T05:39:05.751Z" },
    { url = "https://files.pythonhosted.org/packages/f5/77/e36a6a02a6ae8176a1fa2a25c47ea1142c93d7aca7884ee4292e9e2eb300/zeroconf-0.149.7-cp311-cp311-musllinux_1_2_x86_64.whl", hash = "sha256:3f9e52b2181d525a5097ff58ae0fde65b70dc2046a1391c793e43597b37953e6", size = 2234458, upload-time = "2026-05-18T05:39:09.348Z" },
    { url = "https://files.pythonhosted.org/packages/89/65/99ddd4b6060dcdeeb2c7d807842b7d26420c4c5704491e474c468722e636/zeroconf-0.149.7-cp311-cp311-win32.whl", hash = "sha256:6cc44062dd8b8cce64aeb24c90fe6e95648b6a098dc4c033a051a59786c2a7c3", size = 1259283, upload-time = "2026-05-18T05:39:11.82Z" },
    { url = "https://files.pythonhosted.org/packages/f5/f1/5eb71937729cbf7cb0642b99dab73f482d2a80d44b7af25fa9ce49135693/zeroconf-0.149.7-cp311-cp311-win_amd64.whl", hash = "sha256:97e4524562a732190552ba6d3f89bace17c93100e5192133a7003b6f9e71c412", size = 1471937, upload-time = "2026-05-18T05:39:13.727Z" },
    { url = "https://files.pythonhosted.org/packages/12/f3/43f042c526bb8c0fd6dc78db0283b5711d671d491c09858af92ee2ee419e/zeroconf-0.149.7-cp312-cp312-macosx_11_0_arm64.whl", hash = "sha256:56f4a0179307d9732c84f587b9fd36744c62060bb17f24ada89f6fc6c35ecf63", size = 1658020, upload-time = "2026-05-18T05:39:15.636Z" },
    { url = "https://files.pythonhosted.org/packages/77/b0/f7b1aa7cf811ce289389ae3d47ee8e48ac3c19c07db8bffa1933db10a1d8/zeroconf-0.149.7-cp312-cp312-manylinux2014_aarch64.manylinux_2_17_aarch64.manylinux_2_28_aarch64.whl", hash = "sha256:62ec1c6e98319cc7d0b528657c0245bfb5c096be42e817e2ea8339d12a862578", size = 2055603, upload-time = "2026-05-18T05:39:17.496Z" },
    { url = "https://files.pythonhosted.org/packages/93/58/731a6ebfb04568c370bb28e201b5dd18291555e164592d804baaf73d95f5/zeroconf-0.149.7-cp312-cp312-manylinux2014_armv7l.manylinux_2_17_armv7l.manylinux_2_31_armv7l.whl", hash = "sha256:c07c35e53c7ecf81f23db4a27f9ec9cbd41580e5739baa467819c54980ffddac", size = 1858771, upload-time = "2026-05-18T05:39:19.866Z" },
    { url = "https://files.pythonhosted.org/packages/9e/34/ebc71f804ac185feec46d78760104c553a3cd313b3edb79864917112e8e2/zeroconf-0.149.7-cp312-cp312-manylinux2014_x86_64.manylinux_2_17_x86_64.manylinux_2_28_x86_64.whl", hash = "sha256:a93c8ffbcdbfb02471afdfcb30079dac0f67a837caad41a93221ca0f0d7eb8cd", size = 2151224, upload-time = "2026-05-18T05:39:21.734Z" },
    { url = "https://files.pythonhosted.org/packages/16/f6/737f8d76fb9c3feea342d15311dff3489e6344974a4909064a9f506eb50b/zeroconf-0.149.7-cp312-cp312-manylinux_2_31_riscv64.manylinux_2_39_riscv64.whl", hash = "sha256:2154338d2fc1e5bd6ac2b768ee7192213f38bfea64e999f93932263215304ebd", size = 2085660, upload-time = "2026-05-18T05:39:25.043Z" },
    { url = "https://files.pythonhosted.org/packages/bf/ab/f5ad00bb3bb092135178ef6143e1897f8301eed1aa379e8545c3d00f57a8/zeroconf-0.149.7-cp312-cp312-musllinux_1_2_aarch64.whl", hash = "sha256:ab3e91054636422a4ef6c69e72c17842be002e991e4feb08017a20e39a6c3879", size = 2078870, upload-time = "2026-05-18T05:39:26.912Z" },
    { url = "https://files.pythonhosted.org/packages/e6/ba/2496742004f6a1fbdfe60e847a93b5a90ce1f9f21b082c3cab9a4950dfb9/zeroconf-0.149.7-cp312-cp312-musllinux_1_2_armv7l.whl", hash = "sha256:26ff1cd73a0d4f0946dd4b1f927325892a9d7c2724e899057b006f9ef142ec47", size = 1944385, upload-time = "2026-05-18T05:39:28.924Z" },
    { url = "https://files.pythonhosted.org/packages/71/55/27b3d350f26b753a219870bc4766545d82dd4c50fcda6a9fbae38ff57a4f/zeroconf-0.149.7-cp312-cp312-musllinux_1_2_riscv64.whl", hash = "sha256:c13904b80f75c40f3c87eb2a0ed0b08c04608ef96f73a44042fbe257b027f603", size = 2090790, upload-time = "2026-05-18T05:39:30.845Z" },
    { url = "https://files.pythonhosted.org/packages/07/4e/1597af71487d8ff76aef3e6a66d2ed814526aadbe400abf62d6d807b9f34/zeroconf-0.149.7-cp312-cp312-musllinux_1_2_x86_64.whl", hash = "sha256:39b02120c85da950b7823ef705848b2b63c755b791c872ce8997d7d032866e57", size = 2172687, upload-time = "2026-05-18T05:39:33.358Z" },
    { url = "https://files.pythonhosted.org/packages/7c/9c/c9b3682048f8ee69b43888c8d6187e7c257b5bb97dc920b9ccace6ce444f/zeroconf-0.149.7-cp312-cp312-win32.whl", hash = "sha256:0e996b25039b3fb97374edcc07ae2d7c75ec5e3efda4e37be26dff422a34c97b", size = 1253154, upload-time = "2026-05-18T05:39:35.89Z" },
    { url = "https://files.pythonhosted.org/packages/f1/29/3b303fce6b0b13b456ae5a1eaae41ea285e3e2b0aad7ec25c253e6eb3348/zeroconf-0.149.7-cp312-cp312-win_amd64.whl", hash = "sha256:5f73787d84838bd0acb4159e40957201cdbdc0fb5ea0e577d7127a407e8184bd", size = 1470297, upload-time = "2026-05-18T05:39:38.265Z" },
    { url = "https://files.pythonhosted.org/packages/5c/44/e4b1a0d5df977611ba60be46c575c491adfc608241a498eed1487293299e/zeroconf-0.149.7-cp313-cp313-macosx_11_0_arm64.whl", hash = "sha256:60ef866b39405a8c0dd8535221afa5a0911f543dadb8e23b46dc442ba7e2963b", size = 1644662, upload-time = "2026-05-18T05:39:40.137Z" },
    { url = "https://files.pythonhosted.org/packages/c4/27/0eccf2b090f6a099c1f0c495de5fc453eb4ad460852ad92e4f2759f1b6df/zeroconf-0.149.7-cp313-cp313-manylinux2014_aarch64.manylinux_2_17_aarch64.manylinux_2_28_aarch64.whl", hash = "sha256:5b59c4b5cde922205a4bc16fd294b3b63d1fb590312d9e11f13533d41113a560", size = 2049734, upload-time = "2026-05-18T05:39:42.106Z" },
    { url = "https://files.pythonhosted.org/packages/de/8d/b95c82b9152c4c1b35730c0f032252ef58c06c030569622c2a8ff3c31ab7/zeroconf-0.149.7-cp313-cp313-manylinux2014_armv7l.manylinux_2_17_armv7l.manylinux_2_31_armv7l.whl", hash = "sha256:8357d686cc872ba22af0464c7425555c07f06e86cbef850247234dc2aa8d90d6", size = 1856537, upload-time = "2026-05-18T05:39:44.105Z" },
    { url = "https://files.pythonhosted.org/packages/42/7f/a35fe0f81d2f095fb97f4ccb6701955eed8c57be363df66a5fd48c4979da/zeroconf-0.149.7-cp313-cp313-manylinux2014_x86_64.manylinux_2_17_x86_64.manylinux_2_28_x86_64.whl", hash = "sha256:ec086692614e4ecfa5672b2ab31666f62923b1d27fee4963f3dba79ccac81f61", size = 2147049, upload-time = "2026-05-18T05:39:46.045Z" },
    { url = "https://files.pythonhosted.org/packages/0d/e2/92aeb9484bd682e508b39ab2b55cd8b6344c2a4b990e1802b4ed13c8e079/zeroconf-0.149.7-cp313-cp313-manylinux_2_31_riscv64.manylinux_2_39_riscv64.whl", hash = "sha256:745ab61c88bb79f414a22a885667d5c2d05b36f7ad9b8cf56e38f82d6ddc5aa7", size = 2082504, upload-time = "2026-05-18T05:39:48.028Z" },
    { url = "https://files.pythonhosted.org/packages/d6/98/eabb115eb5b7da0775633f4b3f817ef5ea0ef4a85d493a273a7dafa6d4b6/zeroconf-0.149.7-cp313-cp313-musllinux_1_2_aarch64.whl", hash = "sha256:5bd28071ac50f7aa2d81efa68105554e7227a98aa2f003ed3bee737123b4bf3a", size = 2077900, upload-time = "2026-05-18T05:39:49.891Z" },
    { url = "https://files.pythonhosted.org/packages/28/6c/9719c0f8bd8840b862ae8ead6368fe5f330e658c11cf62a6c3d1e932d495/zeroconf-0.149.7-cp313-cp313-musllinux_1_2_armv7l.whl", hash = "sha256:628332aaf1544ba1a20de5379ee16df3ed39fd4125207903eb7b91e4ab3a119a", size = 1941417, upload-time = "2026-05-18T05:39:52.458Z" },
    { url = "https://files.pythonhosted.org/packages/a3/df/39098ae90a3f584970ba2d2c1fcc03e599333147b6888fc4184c0d610665/zeroconf-0.149.7-cp313-cp313-musllinux_1_2_riscv64.whl", hash = "sha256:10ae163b0882816c82ca731b0abbf86c20655f2c1161a7e8eeeedf7cbfa22082", size = 2095199, upload-time = "2026-05-18T05:39:54.419Z" },
    { url = "https://files.pythonhosted.org/packages/69/0d/f3227dacf6dbd486611c2510f782f8cd8c8feaf1ecad5566beb929c04b88/zeroconf-0.149.7-cp313-cp313-musllinux_1_2_x86_64.whl", hash = "sha256:10b5b8342f71061678398a957a6e7ff75b4f6de2ad4a50d1eb52ae871b30e20f", size = 2170462, upload-time = "2026-05-18T05:39:56.358Z" },
    { url = "https://files.pythonhosted.org/packages/5c/a9/7e2bc128d0dc6cc4e6de71df10c0ed56e21f04e0c0bef7f80f453f059228/zeroconf-0.149.7-cp313-cp313-win32.whl", hash = "sha256:3a1bacca3307a1dd61976893ac1add2968ed6f902df3b08dc9df7dafdd8afc45", size = 1252680, upload-time = "2026-05-18T05:39:58.16Z" },
    { url = "https://files.pythonhosted.org/packages/67/05/0e78a21e89fd6fee989caddc8238a0cd3aa9e168a92c0dbb664dc4b36043/zeroconf-0.149.7-cp313-cp313-win_amd64.whl", hash = "sha256:9ac3dce81e16cc322311b99fba22e2f96a8f36e20ceac20a5d5134060d002274", size = 1466718, upload-time = "2026-05-18T05:39:59.882Z" },
    { url = "https://files.pythonhosted.org/packages/78/63/131a3f4f8c6a117190421cb831f20dd418ae466308501059d5a6212072de/zeroconf-0.149.7-cp314-cp314-macosx_11_0_arm64.whl", hash = "sha256:c88ed61f14cac228e58c49b4d30ac3aec0cc34f2289a725c72527b64b6e87267", size = 1660981, upload-time = "2026-05-18T05:40:01.953Z" },
    { url = "https://files.pythonhosted.org/packages/97/22/9ebb9414772834c5ae56fdab86f2acaa465bebbf9355026c3c4b6c0d16c1/zeroconf-0.149.7-cp314-cp314-manylinux2014_aarch64.manylinux_2_17_aarch64.manylinux_2_28_aarch64.whl", hash = "sha256:59d20ad0ebf123902ffde29a7cdeb5a04029608c68b23cbe973c2738b7136791", size = 2073676, upload-time = "2026-05-18T05:40:03.856Z" },
    { url = "https://files.pythonhosted.org/packages/9b/2e/a8b930219fa9ff5196b7352098a4abebcaec631e101e9dc7f5e7951e42b2/zeroconf-0.149.7-cp314-cp314-manylinux2014_armv7l.manylinux_2_17_armv7l.manylinux_2_31_armv7l.whl", hash = "sha256:789598f4578ff8a82a3ca2205d20caee23e9a13835658a16c076ba69b2a4c058", size = 1834629, upload-time = "2026-05-18T05:40:06.82Z" },
    { url = "https://files.pythonhosted.org/packages/dc/0c/5853eb76d3a087f1b77c44f3fa8c4ac4fa95a0229d14930d9b183cea4a36/zeroconf-0.149.7-cp314-cp314-manylinux2014_x86_64.manylinux_2_17_x86_64.manylinux_2_28_x86_64.whl", hash = "sha256:5a82fb73b849c020319730f2cc659d7b9ed409af4ab4ce5a21c664320e097fe6", size = 2158618, upload-time = "2026-05-18T05:40:09.65Z" },
    { url = "https://files.pythonhosted.org/packages/19/c6/edb9f24bdc76dc6888e652bbfc48689b6d61bfa50425b3f757677e3e382a/zeroconf-0.149.7-cp314-cp314-manylinux_2_31_riscv64.manylinux_2_39_riscv64.whl", hash = "sha256:61e5426243dd7a1c23ba98625a53faefe2fe9d507211a9face07e5614436a3e8", size = 2092814, upload-time = "2026-05-18T05:40:11.569Z" },
    { url = "https://files.pythonhosted.org/packages/b5/ec/3a6824bb241ba5a0b14f1d683ffbb6eb5f5bd5d1f4f70dbf3185b19379c5/zeroconf-0.149.7-cp314-cp314-manylinux_2_41_x86_64.whl", hash = "sha256:06554f7653e3cb55e77d009cb466d5b54ee1f0973558d42e458f765c33c25e41", size = 2154782, upload-time = "2026-05-18T05:00:38.113Z" },
    { url = "https://files.pythonhosted.org/packages/29/39/72fb23e70155ceb8459427bb0837e0cb5c72f248d47dbf30cd8ea63eec97/zeroconf-0.149.7-cp314-cp314-musllinux_1_2_aarch64.whl", hash = "sha256:88466606e1efd5bfa6cb2320f56cb38a2b255a8da6d51e14e99f3f74fd6c13b9", size = 2104393, upload-time = "2026-05-18T05:40:13.672Z" },
    { url = "https://files.pythonhosted.org/packages/ed/e0/b5588dfbb91b0760ddaa97315d054c3b5a9f599c7c916656c4de71783334/zeroconf-0.149.7-cp314-cp314-musllinux_1_2_armv7l.whl", hash = "sha256:b54f63a75909f584d6dc3b228d8a998cd5caf2fe56c5539ed5d76038ecbd8d76", size = 1912633, upload-time = "2026-05-18T05:40:15.761Z" },
    { url = "https://files.pythonhosted.org/packages/9d/f0/ae3c2a7c9a3c663a0f0667241fecae3696697220dfab96e9ab60151c1684/zeroconf-0.149.7-cp314-cp314-musllinux_1_2_riscv64.whl", hash = "sha256:9c7f5920eb8bc10752cf819d81b122c9d243bc8697cdfd3bfb77c089f6754daf", size = 2104598, upload-time = "2026-05-18T05:40:17.911Z" },
    { url = "https://files.pythonhosted.org/packages/f4/13/310cc033d8e77a43327cecf3e32ecafc2a305b98b79be8209f8bb90e7575/zeroconf-0.149.7-cp314-cp314-musllinux_1_2_x86_64.whl", hash = "sha256:d1bce528877caf138a8cd68449daf2a54f37a10fda2d785b924147f0f2035f8e", size = 2181140, upload-time = "2026-05-18T05:40:20.192Z" },
    { url = "https://files.pythonhosted.org/packages/00/a2/10a309a2401662f141e55cf1e79c7bbc3f528e98701439bc311f8d9454bb/zeroconf-0.149.7-cp314-cp314-win32.whl", hash = "sha256:423d9587e66750d1094c5361631930a9b7f9204dd267738883a8403b57ba1ade", size = 1284448, upload-time = "2026-05-18T05:40:22.884Z" },
    { url = "https://files.pythonhosted.org/packages/38/71/3bd93779f5a888f52a049fafce02a02921f16ae2b764da5f2bbd57031cd0/zeroconf-0.149.7-cp314-cp314-win_amd64.whl", hash = "sha256:f32b90c84b9e73693ce7bcb4ea3e7dd3bcab3fb04855e8ab4cae0df897855c3d", size = 1501532, upload-time = "2026-05-18T05:40:24.743Z" },
    { url = "https://files.pythonhosted.org/packages/a1/05/ddf87f181d43a27f8bdba014bdefe011567f34888f64be42d161e20717e6/zeroconf-0.149.7-cp314-cp314t-macosx_11_0_arm64.whl", hash = "sha256:aa9dba33e84cd8f49490e3c481a6cf0a3678e09bbb1a2da4be773162ec9da068", size = 3322977, upload-time = "2026-05-18T05:40:26.729Z" },
    { url = "https://files.pythonhosted.org/packages/25/62/65a5de3a4cf9a656015da93623b63a5b8eb40b8f87786c41e07dd0f30202/zeroconf-0.149.7-cp314-cp314t-manylinux2014_aarch64.manylinux_2_17_aarch64.manylinux_2_28_aarch64.whl", hash = "sha256:4d4887f613ed3838b4e1030bee66a78e876c7f71002db5aeaac202656a767e48", size = 3971783, upload-time = "2026-05-18T05:40:29.608Z" },
    { url = "https://files.pythonhosted.org/packages/b0/fb/babc60385a25a4a59876435ac56a531728588cc594e06a0ae8a105a24387/zeroconf-0.149.7-cp314-cp314t-manylinux2014_armv7l.manylinux_2_17_armv7l.manylinux_2_31_armv7l.whl", hash = "sha256:c53268e703c26473a794a0f8b7d8d9d407644a7dca359e0d7506edd23102b24f", size = 3523855, upload-time = "2026-05-18T05:40:31.662Z" },
    { url = "https://files.pythonhosted.org/packages/7e/f6/c1efd95f8d2e42a23ea520b5b46c42004b4d9100935c0c91c4586d39fb23/zeroconf-0.149.7-cp314-cp314t-manylinux2014_x86_64.manylinux_2_17_x86_64.manylinux_2_28_x86_64.whl", hash = "sha256:a9cf297dcd517e031ea3fb3716af6f5c1c122b3ccb7eae828b0e7e1490419ed2", size = 4125083, upload-time = "2026-05-18T05:40:34.4Z" },
    { url = "https://files.pythonhosted.org/packages/b4/0f/3cd83c121c18d6a001bb9059bfc8ef3ffbf29cbbb6cdf8be9c6d96ccf974/zeroconf-0.149.7-cp314-cp314t-manylinux_2_31_riscv64.manylinux_2_39_riscv64.whl", hash = "sha256:076b6450554b04b7193a38950f7c6b9b1c95f78494ab41cca33e2ae5441f19a5", size = 3995881, upload-time = "2026-05-18T05:40:37.203Z" },
    { url = "https://files.pythonhosted.org/packages/ff/d2/385e0b904339d664f007dd2ad6c632adea91b1f5246f362e112f9c0d435a/zeroconf-0.149.7-cp314-cp314t-musllinux_1_2_aarch64.whl", hash = "sha256:f5af3f5f5281a015a734ecc5dba9072ea8118198d80fb8784833fe6c34a323d3", size = 4035780, upload-time = "2026-05-18T05:40:39.313Z" },
    { url = "https://files.pythonhosted.org/packages/9c/43/3f70e224ddfcd16f47de940869f3ac41952118d2df1cbabfe3f29e3571ba/zeroconf-0.149.7-cp314-cp314t-musllinux_1_2_armv7l.whl", hash = "sha256:76343222f7dd9fc976bc99db127906ce855d3f00bd76ee7a49aae28297f55f62", size = 3668973, upload-time = "2026-05-18T05:42:52.596Z" },
    { url = "https://files.pythonhosted.org/packages/98/b8/0a85969264cd0458a3e7159413739429b3aa14bf19a1513b9ea2c7bec7ab/zeroconf-0.149.7-cp314-cp314t-musllinux_1_2_riscv64.whl", hash = "sha256:d3abb1222af2ebe3893afe22fcf3eefd97947f3d21be419910b2cc4ed9ffe5ff", size = 4023580, upload-time = "2026-05-18T05:42:55.296Z" },
    { url = "https://files.pythonhosted.org/packages/69/93/149160bb3cdf45fd285357e9c891aa851968dc048183a6a23f48fd47cf3c/zeroconf-0.149.7-cp314-cp314t-musllinux_1_2_x86_64.whl", hash = "sha256:28601baaface38c6747b6753b084b0d60111e9f05e32b0af204658341e5c3870", size = 4172931, upload-time = "2026-05-18T05:42:57.557Z" },
    { url = "https://files.pythonhosted.org/packages/73/38/210efb1e55ba601bc46ec1259b96e029e0cf2f38791ad2dea43067055045/zeroconf-0.149.7-cp314-cp314t-win32.whl", hash = "sha256:80d4c80899a28267da14d9af6ba89c61f2930f3d8dbd6c8eb0046396e44b6a2a", size = 2663836, upload-time = "2026-05-18T05:42:59.863Z" },
    { url = "https://files.pythonhosted.org/packages/a7/49/558e1b4e3d8f647a506409ed4bb674083f6a7985fa0a2402d7fd357fbc23/zeroconf-0.149.7-cp314-cp314t-win_amd64.whl", hash = "sha256:800f328d01cf0c7ebcb3018bfef2d2205059d9b292c07e1afa01958a8fdabc78", size = 3202062, upload-time = "2026-05-18T05:43:02.128Z" },
]
